// !$*UTF8*$!
{
	archiveVersion = 1;
	classes = {
	};
	objectVersion = 46;
	objects = {

/* Begin PBXBuildFile section */
		9736338D1E0C945400121F51 /* keyGeneration.c in Sources */ = {isa = PBXBuildFile; fileRef = 9736338B1E0C945400121F51 /* keyGeneration.c */; };
		97376A391E2636A100928397 /* generateBinaryKeyFile.c in Sources */ = {isa = PBXBuildFile; fileRef = 973CD4E11E1D72D4006CDB2F /* generateBinaryKeyFile.c */; };
		97376A3A1E2636A100928397 /* generateBinaryKeyFile.h in Headers */ = {isa = PBXBuildFile; fileRef = 973CD4E21E1D72D4006CDB2F /* generateBinaryKeyFile.h */; };
		97376A3B1E2636A100928397 /* keyGeneration.c in Sources */ = {isa = PBXBuildFile; fileRef = 9736338B1E0C945400121F51 /* keyGeneration.c */; };
		97376A3C1E2636A100928397 /* keyGeneration.h in Headers */ = {isa = PBXBuildFile; fileRef = 9736338C1E0C945400121F51 /* keyGeneration.h */; };
		97376A3D1E2636A100928397 /* generatePemFile.c in Sources */ = {isa = PBXBuildFile; fileRef = 97F052731E0DE4CE000F2842 /* generatePemFile.c */; };
		97376A3E1E2636A100928397 /* generatePemFile.h in Headers */ = {isa = PBXBuildFile; fileRef = 97F052741E0DE4CE000F2842 /* generatePemFile.h */; };
		97376A3F1E2636A100928397 /* generateHmac.c in Sources */ = {isa = PBXBuildFile; fileRef = 97F052791E154C19000F2842 /* generateHmac.c */; };
		97376A401E2636A100928397 /* generateHmac.h in Headers */ = {isa = PBXBuildFile; fileRef = 97F0527B1E154C26000F2842 /* generateHmac.h */; };
		97376A411E2636A100928397 /* getPeerKey.c in Sources */ = {isa = PBXBuildFile; fileRef = 97F052761E145741000F2842 /* getPeerKey.c */; };
		97376A421E2636A100928397 /* getPeerKey.h in Headers */ = {isa = PBXBuildFile; fileRef = 97F052771E145741000F2842 /* getPeerKey.h */; };
		97376A431E26371C00928397 /* libcrypto.a in Frameworks */ = {isa = PBXBuildFile; fileRef = 97D12FDE1E0DDE4F0059EFCF /* libcrypto.a */; };
		97376A441E26371C00928397 /* libssl.a in Frameworks */ = {isa = PBXBuildFile; fileRef = 97D12FDF1E0DDE4F0059EFCF /* libssl.a */; };
		973CD4E31E1D72D4006CDB2F /* generateBinaryKeyFile.c in Sources */ = {isa = PBXBuildFile; fileRef = 973CD4E11E1D72D4006CDB2F /* generateBinaryKeyFile.c */; };
		975702D51E27A410007028BC /* conductor.c in Sources */ = {isa = PBXBuildFile; fileRef = 975702D31E27A410007028BC /* conductor.c */; };
		975702F01E27BD01007028BC /* conductor.c in Sources */ = {isa = PBXBuildFile; fileRef = 975702D31E27A410007028BC /* conductor.c */; };
		975702F11E27BD01007028BC /* conductor.h in Headers */ = {isa = PBXBuildFile; fileRef = 975702D41E27A410007028BC /* conductor.h */; settings = {ATTRIBUTES = (Public, ); }; };
		975702F21E27BD01007028BC /* generateBinaryKeyFile.c in Sources */ = {isa = PBXBuildFile; fileRef = 973CD4E11E1D72D4006CDB2F /* generateBinaryKeyFile.c */; };
		975702F31E27BD01007028BC /* generateBinaryKeyFile.h in Headers */ = {isa = PBXBuildFile; fileRef = 973CD4E21E1D72D4006CDB2F /* generateBinaryKeyFile.h */; settings = {ATTRIBUTES = (Public, ); }; };
		975702F41E27BD01007028BC /* keyGeneration.c in Sources */ = {isa = PBXBuildFile; fileRef = 9736338B1E0C945400121F51 /* keyGeneration.c */; };
		975702F51E27BD01007028BC /* keyGeneration.h in Headers */ = {isa = PBXBuildFile; fileRef = 9736338C1E0C945400121F51 /* keyGeneration.h */; settings = {ATTRIBUTES = (Public, ); }; };
		975702F61E27BD01007028BC /* generatePemFile.c in Sources */ = {isa = PBXBuildFile; fileRef = 97F052731E0DE4CE000F2842 /* generatePemFile.c */; };
		975702F71E27BD01007028BC /* generatePemFile.h in Headers */ = {isa = PBXBuildFile; fileRef = 97F052741E0DE4CE000F2842 /* generatePemFile.h */; settings = {ATTRIBUTES = (Public, ); }; };
		975702F81E27BD01007028BC /* generateHmac.c in Sources */ = {isa = PBXBuildFile; fileRef = 97F052791E154C19000F2842 /* generateHmac.c */; };
		975702F91E27BD01007028BC /* generateHmac.h in Headers */ = {isa = PBXBuildFile; fileRef = 97F0527B1E154C26000F2842 /* generateHmac.h */; settings = {ATTRIBUTES = (Public, ); }; };
		975702FA1E27BD01007028BC /* getPeerKey.c in Sources */ = {isa = PBXBuildFile; fileRef = 97F052761E145741000F2842 /* getPeerKey.c */; };
		975702FB1E27BD01007028BC /* getPeerKey.h in Headers */ = {isa = PBXBuildFile; fileRef = 97F052771E145741000F2842 /* getPeerKey.h */; settings = {ATTRIBUTES = (Public, ); }; };
		975703051E27C129007028BC /* libcrypto.a in Frameworks */ = {isa = PBXBuildFile; fileRef = 97D12FDE1E0DDE4F0059EFCF /* libcrypto.a */; };
		9757030D1E27C268007028BC /* libssl.a in Frameworks */ = {isa = PBXBuildFile; fileRef = 97D12FDF1E0DDE4F0059EFCF /* libssl.a */; };
		97B19F571DAA76A10021EE2A /* main.c in Sources */ = {isa = PBXBuildFile; fileRef = 97B19F561DAA76A10021EE2A /* main.c */; };
		97D12FE01E0DDE4F0059EFCF /* libcrypto.a in Frameworks */ = {isa = PBXBuildFile; fileRef = 97D12FDE1E0DDE4F0059EFCF /* libcrypto.a */; };
		97D12FE11E0DDE4F0059EFCF /* libssl.a in Frameworks */ = {isa = PBXBuildFile; fileRef = 97D12FDF1E0DDE4F0059EFCF /* libssl.a */; };
		97F052751E0DE4CE000F2842 /* generatePemFile.c in Sources */ = {isa = PBXBuildFile; fileRef = 97F052731E0DE4CE000F2842 /* generatePemFile.c */; };
		97F052781E145741000F2842 /* getPeerKey.c in Sources */ = {isa = PBXBuildFile; fileRef = 97F052761E145741000F2842 /* getPeerKey.c */; };
		97F0527A1E154C19000F2842 /* generateHmac.c in Sources */ = {isa = PBXBuildFile; fileRef = 97F052791E154C19000F2842 /* generateHmac.c */; };
/* End PBXBuildFile section */

/* Begin PBXCopyFilesBuildPhase section */
		975702D81E27A546007028BC /* CopyFiles */ = {
			isa = PBXCopyFilesBuildPhase;
			buildActionMask = 2147483647;
			dstPath = "include/$(PRODUCT_NAME)";
			dstSubfolderSpec = 16;
			files = (
			);
			runOnlyForDeploymentPostprocessing = 0;
		};
		97B19F511DAA76A10021EE2A /* CopyFiles */ = {
			isa = PBXCopyFilesBuildPhase;
			buildActionMask = 2147483647;
			dstPath = /usr/share/man/man1/;
			dstSubfolderSpec = 0;
			files = (
			);
			runOnlyForDeploymentPostprocessing = 1;
		};
/* End PBXCopyFilesBuildPhase section */

/* Begin PBXFileReference section */
		9736338B1E0C945400121F51 /* keyGeneration.c */ = {isa = PBXFileReference; fileEncoding = 4; lastKnownFileType = sourcecode.c.c; path = keyGeneration.c; sourceTree = "<group>"; };
		9736338C1E0C945400121F51 /* keyGeneration.h */ = {isa = PBXFileReference; fileEncoding = 4; lastKnownFileType = sourcecode.c.h; path = keyGeneration.h; sourceTree = "<group>"; };
		97376A351E26368300928397 /* libmacOSEcdhLib.dylib */ = {isa = PBXFileReference; explicitFileType = "compiled.mach-o.dylib"; includeInIndex = 0; path = libmacOSEcdhLib.dylib; sourceTree = BUILT_PRODUCTS_DIR; };
		973CD4E11E1D72D4006CDB2F /* generateBinaryKeyFile.c */ = {isa = PBXFileReference; fileEncoding = 4; lastKnownFileType = sourcecode.c.c; path = generateBinaryKeyFile.c; sourceTree = "<group>"; };
		973CD4E21E1D72D4006CDB2F /* generateBinaryKeyFile.h */ = {isa = PBXFileReference; fileEncoding = 4; lastKnownFileType = sourcecode.c.h; path = generateBinaryKeyFile.h; sourceTree = "<group>"; };
		975702D31E27A410007028BC /* conductor.c */ = {isa = PBXFileReference; fileEncoding = 4; lastKnownFileType = sourcecode.c.c; path = conductor.c; sourceTree = "<group>"; };
		975702D41E27A410007028BC /* conductor.h */ = {isa = PBXFileReference; fileEncoding = 4; lastKnownFileType = sourcecode.c.h; path = conductor.h; sourceTree = "<group>"; };
		975702DA1E27A546007028BC /* libiOSEcdhLib.a */ = {isa = PBXFileReference; explicitFileType = archive.ar; includeInIndex = 0; path = libiOSEcdhLib.a; sourceTree = BUILT_PRODUCTS_DIR; };
		97B19F531DAA76A10021EE2A /* magicPointers */ = {isa = PBXFileReference; explicitFileType = "compiled.mach-o.executable"; includeInIndex = 0; path = magicPointers; sourceTree = BUILT_PRODUCTS_DIR; };
		97B19F561DAA76A10021EE2A /* main.c */ = {isa = PBXFileReference; lastKnownFileType = sourcecode.c.c; path = main.c; sourceTree = "<group>"; };
		97D12FDE1E0DDE4F0059EFCF /* libcrypto.a */ = {isa = PBXFileReference; lastKnownFileType = archive.ar; path = libcrypto.a; sourceTree = "<group>"; };
		97D12FDF1E0DDE4F0059EFCF /* libssl.a */ = {isa = PBXFileReference; lastKnownFileType = archive.ar; path = libssl.a; sourceTree = "<group>"; };
		97F052731E0DE4CE000F2842 /* generatePemFile.c */ = {isa = PBXFileReference; fileEncoding = 4; lastKnownFileType = sourcecode.c.c; path = generatePemFile.c; sourceTree = "<group>"; };
		97F052741E0DE4CE000F2842 /* generatePemFile.h */ = {isa = PBXFileReference; fileEncoding = 4; lastKnownFileType = sourcecode.c.h; path = generatePemFile.h; sourceTree = "<group>"; };
		97F052761E145741000F2842 /* getPeerKey.c */ = {isa = PBXFileReference; fileEncoding = 4; lastKnownFileType = sourcecode.c.c; path = getPeerKey.c; sourceTree = "<group>"; };
		97F052771E145741000F2842 /* getPeerKey.h */ = {isa = PBXFileReference; fileEncoding = 4; lastKnownFileType = sourcecode.c.h; path = getPeerKey.h; sourceTree = "<group>"; };
		97F052791E154C19000F2842 /* generateHmac.c */ = {isa = PBXFileReference; fileEncoding = 4; lastKnownFileType = sourcecode.c.c; path = generateHmac.c; sourceTree = "<group>"; };
		97F0527B1E154C26000F2842 /* generateHmac.h */ = {isa = PBXFileReference; fileEncoding = 4; lastKnownFileType = sourcecode.c.h; path = generateHmac.h; sourceTree = "<group>"; };
/* End PBXFileReference section */

/* Begin PBXFrameworksBuildPhase section */
		97376A321E26368300928397 /* Frameworks */ = {
			isa = PBXFrameworksBuildPhase;
			buildActionMask = 2147483647;
			files = (
				97376A441E26371C00928397 /* libssl.a in Frameworks */,
				97376A431E26371C00928397 /* libcrypto.a in Frameworks */,
			);
			runOnlyForDeploymentPostprocessing = 0;
		};
		975702D71E27A546007028BC /* Frameworks */ = {
			isa = PBXFrameworksBuildPhase;
			buildActionMask = 2147483647;
			files = (
				9757030D1E27C268007028BC /* libssl.a in Frameworks */,
				975703051E27C129007028BC /* libcrypto.a in Frameworks */,
			);
			runOnlyForDeploymentPostprocessing = 0;
		};
		97B19F501DAA76A10021EE2A /* Frameworks */ = {
			isa = PBXFrameworksBuildPhase;
			buildActionMask = 2147483647;
			files = (
				97D12FE11E0DDE4F0059EFCF /* libssl.a in Frameworks */,
				97D12FE01E0DDE4F0059EFCF /* libcrypto.a in Frameworks */,
			);
			runOnlyForDeploymentPostprocessing = 0;
		};
/* End PBXFrameworksBuildPhase section */

/* Begin PBXGroup section */
		975703121E27C50D007028BC /* OpenSSL */ = {
			isa = PBXGroup;
			children = (
				97D12FDE1E0DDE4F0059EFCF /* libcrypto.a */,
				97D12FDF1E0DDE4F0059EFCF /* libssl.a */,
			);
			name = OpenSSL;
			path = ..;
			sourceTree = "<group>";
		};
		97B19F4A1DAA76A10021EE2A = {
			isa = PBXGroup;
			children = (
				97B19F551DAA76A10021EE2A /* magicPointers */,
				97B19F541DAA76A10021EE2A /* Products */,
			);
			sourceTree = "<group>";
		};
		97B19F541DAA76A10021EE2A /* Products */ = {
			isa = PBXGroup;
			children = (
				97B19F531DAA76A10021EE2A /* magicPointers */,
				97376A351E26368300928397 /* libmacOSEcdhLib.dylib */,
				975702DA1E27A546007028BC /* libiOSEcdhLib.a */,
			);
			name = Products;
			sourceTree = "<group>";
		};
		97B19F551DAA76A10021EE2A /* magicPointers */ = {
			isa = PBXGroup;
			children = (
				97B19F561DAA76A10021EE2A /* main.c */,
				975702D31E27A410007028BC /* conductor.c */,
				975702D41E27A410007028BC /* conductor.h */,
				973CD4E11E1D72D4006CDB2F /* generateBinaryKeyFile.c */,
				973CD4E21E1D72D4006CDB2F /* generateBinaryKeyFile.h */,
				9736338B1E0C945400121F51 /* keyGeneration.c */,
				9736338C1E0C945400121F51 /* keyGeneration.h */,
				97F052731E0DE4CE000F2842 /* generatePemFile.c */,
				97F052741E0DE4CE000F2842 /* generatePemFile.h */,
				97F052791E154C19000F2842 /* generateHmac.c */,
				97F0527B1E154C26000F2842 /* generateHmac.h */,
				97F052761E145741000F2842 /* getPeerKey.c */,
				97F052771E145741000F2842 /* getPeerKey.h */,
				975703121E27C50D007028BC /* OpenSSL */,
			);
			path = magicPointers;
			sourceTree = "<group>";
		};
/* End PBXGroup section */

/* Begin PBXHeadersBuildPhase section */
		97376A331E26368300928397 /* Headers */ = {
			isa = PBXHeadersBuildPhase;
			buildActionMask = 2147483647;
			files = (
				97376A401E2636A100928397 /* generateHmac.h in Headers */,
				97376A3E1E2636A100928397 /* generatePemFile.h in Headers */,
				97376A3C1E2636A100928397 /* keyGeneration.h in Headers */,
				97376A421E2636A100928397 /* getPeerKey.h in Headers */,
				97376A3A1E2636A100928397 /* generateBinaryKeyFile.h in Headers */,
			);
			runOnlyForDeploymentPostprocessing = 0;
		};
		975702E31E27A570007028BC /* Headers */ = {
			isa = PBXHeadersBuildPhase;
			buildActionMask = 2147483647;
			files = (
				975702F11E27BD01007028BC /* conductor.h in Headers */,
				975702F31E27BD01007028BC /* generateBinaryKeyFile.h in Headers */,
				975702F51E27BD01007028BC /* keyGeneration.h in Headers */,
				975702F71E27BD01007028BC /* generatePemFile.h in Headers */,
				975702FB1E27BD01007028BC /* getPeerKey.h in Headers */,
				975702F91E27BD01007028BC /* generateHmac.h in Headers */,
			);
			runOnlyForDeploymentPostprocessing = 0;
		};
/* End PBXHeadersBuildPhase section */

/* Begin PBXNativeTarget section */
		97376A341E26368300928397 /* macOSEcdhLib */ = {
			isa = PBXNativeTarget;
			buildConfigurationList = 97376A381E26368300928397 /* Build configuration list for PBXNativeTarget "macOSEcdhLib" */;
			buildPhases = (
				97376A311E26368300928397 /* Sources */,
				97376A321E26368300928397 /* Frameworks */,
				97376A331E26368300928397 /* Headers */,
			);
			buildRules = (
			);
			dependencies = (
			);
			name = macOSEcdhLib;
			productName = ecdhKeyAgreement;
			productReference = 97376A351E26368300928397 /* libmacOSEcdhLib.dylib */;
			productType = "com.apple.product-type.library.dynamic";
		};
		975702D91E27A546007028BC /* iOSEcdhLib */ = {
			isa = PBXNativeTarget;
			buildConfigurationList = 975702E01E27A546007028BC /* Build configuration list for PBXNativeTarget "iOSEcdhLib" */;
			buildPhases = (
				975702D61E27A546007028BC /* Sources */,
				975702D71E27A546007028BC /* Frameworks */,
				975702D81E27A546007028BC /* CopyFiles */,
				975702E31E27A570007028BC /* Headers */,
			);
			buildRules = (
			);
			dependencies = (
			);
			name = iOSEcdhLib;
			productName = iOSEcdhLib;
			productReference = 975702DA1E27A546007028BC /* libiOSEcdhLib.a */;
			productType = "com.apple.product-type.library.static";
		};
		97B19F521DAA76A10021EE2A /* magicPointers */ = {
			isa = PBXNativeTarget;
			buildConfigurationList = 97B19F5A1DAA76A10021EE2A /* Build configuration list for PBXNativeTarget "magicPointers" */;
			buildPhases = (
				97B19F4F1DAA76A10021EE2A /* Sources */,
				97B19F501DAA76A10021EE2A /* Frameworks */,
				97B19F511DAA76A10021EE2A /* CopyFiles */,
			);
			buildRules = (
			);
			dependencies = (
			);
			name = magicPointers;
			productName = magicPointers;
			productReference = 97B19F531DAA76A10021EE2A /* magicPointers */;
			productType = "com.apple.product-type.tool";
		};
/* End PBXNativeTarget section */

/* Begin PBXProject section */
		97B19F4B1DAA76A10021EE2A /* Project object */ = {
			isa = PBXProject;
			attributes = {
				LastUpgradeCheck = 0810;
				ORGANIZATIONNAME = youdog;
				TargetAttributes = {
					97376A341E26368300928397 = {
						CreatedOnToolsVersion = 8.2.1;
						DevelopmentTeam = U8MSEX235L;
						ProvisioningStyle = Automatic;
					};
					975702D91E27A546007028BC = {
						CreatedOnToolsVersion = 8.2.1;
						DevelopmentTeam = U8MSEX235L;
						ProvisioningStyle = Automatic;
					};
					97B19F521DAA76A10021EE2A = {
						CreatedOnToolsVersion = 8.0;
						DevelopmentTeam = U8MSEX235L;
						ProvisioningStyle = Automatic;
					};
				};
			};
			buildConfigurationList = 97B19F4E1DAA76A10021EE2A /* Build configuration list for PBXProject "magicPointers" */;
			compatibilityVersion = "Xcode 3.2";
			developmentRegion = English;
			hasScannedForEncodings = 0;
			knownRegions = (
				en,
			);
			mainGroup = 97B19F4A1DAA76A10021EE2A;
			productRefGroup = 97B19F541DAA76A10021EE2A /* Products */;
			projectDirPath = "";
			projectRoot = "";
			targets = (
				97B19F521DAA76A10021EE2A /* magicPointers */,
				97376A341E26368300928397 /* macOSEcdhLib */,
				975702D91E27A546007028BC /* iOSEcdhLib */,
			);
		};
/* End PBXProject section */

/* Begin PBXSourcesBuildPhase section */
		97376A311E26368300928397 /* Sources */ = {
			isa = PBXSourcesBuildPhase;
			buildActionMask = 2147483647;
			files = (
				97376A3D1E2636A100928397 /* generatePemFile.c in Sources */,
				97376A391E2636A100928397 /* generateBinaryKeyFile.c in Sources */,
				97376A3B1E2636A100928397 /* keyGeneration.c in Sources */,
				97376A411E2636A100928397 /* getPeerKey.c in Sources */,
				97376A3F1E2636A100928397 /* generateHmac.c in Sources */,
			);
			runOnlyForDeploymentPostprocessing = 0;
		};
		975702D61E27A546007028BC /* Sources */ = {
			isa = PBXSourcesBuildPhase;
			buildActionMask = 2147483647;
			files = (
				975702FA1E27BD01007028BC /* getPeerKey.c in Sources */,
				975702F41E27BD01007028BC /* keyGeneration.c in Sources */,
				975702F21E27BD01007028BC /* generateBinaryKeyFile.c in Sources */,
				975702F01E27BD01007028BC /* conductor.c in Sources */,
				975702F61E27BD01007028BC /* generatePemFile.c in Sources */,
				975702F81E27BD01007028BC /* generateHmac.c in Sources */,
			);
			runOnlyForDeploymentPostprocessing = 0;
		};
		97B19F4F1DAA76A10021EE2A /* Sources */ = {
			isa = PBXSourcesBuildPhase;
			buildActionMask = 2147483647;
			files = (
				97F052751E0DE4CE000F2842 /* generatePemFile.c in Sources */,
				973CD4E31E1D72D4006CDB2F /* generateBinaryKeyFile.c in Sources */,
				97B19F571DAA76A10021EE2A /* main.c in Sources */,
				97F0527A1E154C19000F2842 /* generateHmac.c in Sources */,
				97F052781E145741000F2842 /* getPeerKey.c in Sources */,
				975702D51E27A410007028BC /* conductor.c in Sources */,
				9736338D1E0C945400121F51 /* keyGeneration.c in Sources */,
			);
			runOnlyForDeploymentPostprocessing = 0;
		};
/* End PBXSourcesBuildPhase section */

/* Begin XCBuildConfiguration section */
		97376A361E26368300928397 /* Debug */ = {
			isa = XCBuildConfiguration;
			buildSettings = {
				ALWAYS_SEARCH_USER_PATHS = YES;
				DEVELOPMENT_TEAM = U8MSEX235L;
				DYLIB_COMPATIBILITY_VERSION = 1;
				DYLIB_CURRENT_VERSION = 1;
				EXECUTABLE_PREFIX = lib;
				LIBRARY_SEARCH_PATHS = (
					"$(inherited)",
					"$(PROJECT_DIR)",
				);
				PRODUCT_NAME = "$(TARGET_NAME)";
				USER_HEADER_SEARCH_PATHS = /usr/local/ssl/include;
			};
			name = Debug;
		};
		97376A371E26368300928397 /* Release */ = {
			isa = XCBuildConfiguration;
			buildSettings = {
				ALWAYS_SEARCH_USER_PATHS = YES;
				DEVELOPMENT_TEAM = U8MSEX235L;
				DYLIB_COMPATIBILITY_VERSION = 1;
				DYLIB_CURRENT_VERSION = 1;
				EXECUTABLE_PREFIX = lib;
				LIBRARY_SEARCH_PATHS = (
					"$(inherited)",
					"$(PROJECT_DIR)",
				);
				PRODUCT_NAME = "$(TARGET_NAME)";
				USER_HEADER_SEARCH_PATHS = /usr/local/ssl/include;
			};
			name = Release;
		};
		975702E11E27A546007028BC /* Debug */ = {
			isa = XCBuildConfiguration;
			buildSettings = {
				ALWAYS_SEARCH_USER_PATHS = YES;
				"CODE_SIGN_IDENTITY[sdk=iphoneos*]" = "iPhone Developer";
				DEVELOPMENT_TEAM = U8MSEX235L;
				HEADER_SEARCH_PATHS = "";
				IPHONEOS_DEPLOYMENT_TARGET = 9.0;
				LIBRARY_SEARCH_PATHS = (
					"$(inherited)",
					"$(PROJECT_DIR)",
				);
				OTHER_LDFLAGS = "-ObjC";
				PRODUCT_NAME = "$(TARGET_NAME)";
				SDKROOT = iphoneos;
				SKIP_INSTALL = YES;
				USER_HEADER_SEARCH_PATHS = /usr/local/ssl/include;
			};
			name = Debug;
		};
		975702E21E27A546007028BC /* Release */ = {
			isa = XCBuildConfiguration;
			buildSettings = {
				ALWAYS_SEARCH_USER_PATHS = YES;
				"CODE_SIGN_IDENTITY[sdk=iphoneos*]" = "iPhone Developer";
				DEVELOPMENT_TEAM = U8MSEX235L;
				HEADER_SEARCH_PATHS = "";
				IPHONEOS_DEPLOYMENT_TARGET = 9.0;
				LIBRARY_SEARCH_PATHS = (
					"$(inherited)",
					"$(PROJECT_DIR)",
				);
				OTHER_LDFLAGS = "-ObjC";
				PRODUCT_NAME = "$(TARGET_NAME)";
				SDKROOT = iphoneos;
				SKIP_INSTALL = YES;
				USER_HEADER_SEARCH_PATHS = /usr/local/ssl/include;
				VALIDATE_PRODUCT = YES;
			};
			name = Release;
		};
		97B19F581DAA76A10021EE2A /* Debug */ = {
			isa = XCBuildConfiguration;
			buildSettings = {
				ALWAYS_SEARCH_USER_PATHS = NO;
				CLANG_ANALYZER_NONNULL = YES;
				CLANG_CXX_LANGUAGE_STANDARD = "gnu++0x";
				CLANG_CXX_LIBRARY = "libc++";
				CLANG_ENABLE_MODULES = YES;
				CLANG_ENABLE_OBJC_ARC = YES;
				CLANG_WARN_BOOL_CONVERSION = YES;
				CLANG_WARN_CONSTANT_CONVERSION = YES;
				CLANG_WARN_DIRECT_OBJC_ISA_USAGE = YES_ERROR;
				CLANG_WARN_DOCUMENTATION_COMMENTS = YES;
				CLANG_WARN_EMPTY_BODY = YES;
				CLANG_WARN_ENUM_CONVERSION = YES;
				CLANG_WARN_INFINITE_RECURSION = YES;
				CLANG_WARN_INT_CONVERSION = YES;
				CLANG_WARN_OBJC_ROOT_CLASS = YES_ERROR;
				CLANG_WARN_SUSPICIOUS_MOVE = YES;
				CLANG_WARN_SUSPICIOUS_MOVES = YES;
				CLANG_WARN_UNREACHABLE_CODE = YES;
				CLANG_WARN__DUPLICATE_METHOD_MATCH = YES;
				CODE_SIGN_IDENTITY = "-";
				COPY_PHASE_STRIP = NO;
				DEBUG_INFORMATION_FORMAT = dwarf;
				ENABLE_STRICT_OBJC_MSGSEND = YES;
				ENABLE_TESTABILITY = YES;
				GCC_C_LANGUAGE_STANDARD = gnu99;
				GCC_DYNAMIC_NO_PIC = NO;
				GCC_NO_COMMON_BLOCKS = YES;
				GCC_OPTIMIZATION_LEVEL = 0;
				GCC_PREPROCESSOR_DEFINITIONS = (
					"DEBUG=1",
					"$(inherited)",
				);
				GCC_WARN_64_TO_32_BIT_CONVERSION = YES;
				GCC_WARN_ABOUT_RETURN_TYPE = YES_ERROR;
				GCC_WARN_UNDECLARED_SELECTOR = YES;
				GCC_WARN_UNINITIALIZED_AUTOS = YES_AGGRESSIVE;
				GCC_WARN_UNUSED_FUNCTION = YES;
				GCC_WARN_UNUSED_VARIABLE = YES;
				MACOSX_DEPLOYMENT_TARGET = 10.11;
				MTL_ENABLE_DEBUG_INFO = YES;
				ONLY_ACTIVE_ARCH = YES;
				SDKROOT = macosx;
			};
			name = Debug;
		};
		97B19F591DAA76A10021EE2A /* Release */ = {
			isa = XCBuildConfiguration;
			buildSettings = {
				ALWAYS_SEARCH_USER_PATHS = NO;
				CLANG_ANALYZER_NONNULL = YES;
				CLANG_CXX_LANGUAGE_STANDARD = "gnu++0x";
				CLANG_CXX_LIBRARY = "libc++";
				CLANG_ENABLE_MODULES = YES;
				CLANG_ENABLE_OBJC_ARC = YES;
				CLANG_WARN_BOOL_CONVERSION = YES;
				CLANG_WARN_CONSTANT_CONVERSION = YES;
				CLANG_WARN_DIRECT_OBJC_ISA_USAGE = YES_ERROR;
				CLANG_WARN_DOCUMENTATION_COMMENTS = YES;
				CLANG_WARN_EMPTY_BODY = YES;
				CLANG_WARN_ENUM_CONVERSION = YES;
				CLANG_WARN_INFINITE_RECURSION = YES;
				CLANG_WARN_INT_CONVERSION = YES;
				CLANG_WARN_OBJC_ROOT_CLASS = YES_ERROR;
				CLANG_WARN_SUSPICIOUS_MOVE = YES;
				CLANG_WARN_SUSPICIOUS_MOVES = YES;
				CLANG_WARN_UNREACHABLE_CODE = YES;
				CLANG_WARN__DUPLICATE_METHOD_MATCH = YES;
				CODE_SIGN_IDENTITY = "-";
				COPY_PHASE_STRIP = NO;
				DEBUG_INFORMATION_FORMAT = "dwarf-with-dsym";
				ENABLE_NS_ASSERTIONS = NO;
				ENABLE_STRICT_OBJC_MSGSEND = YES;
				GCC_C_LANGUAGE_STANDARD = gnu99;
				GCC_NO_COMMON_BLOCKS = YES;
				GCC_WARN_64_TO_32_BIT_CONVERSION = YES;
				GCC_WARN_ABOUT_RETURN_TYPE = YES_ERROR;
				GCC_WARN_UNDECLARED_SELECTOR = YES;
				GCC_WARN_UNINITIALIZED_AUTOS = YES_AGGRESSIVE;
				GCC_WARN_UNUSED_FUNCTION = YES;
				GCC_WARN_UNUSED_VARIABLE = YES;
				MACOSX_DEPLOYMENT_TARGET = 10.11;
				MTL_ENABLE_DEBUG_INFO = NO;
				SDKROOT = macosx;
			};
			name = Release;
		};
		97B19F5B1DAA76A10021EE2A /* Debug */ = {
			isa = XCBuildConfiguration;
			buildSettings = {
				ALWAYS_SEARCH_USER_PATHS = YES;
				DEVELOPMENT_TEAM = U8MSEX235L;
				LIBRARY_SEARCH_PATHS = (
					"$(inherited)",
					"$(PROJECT_DIR)",
				);
				PRODUCT_NAME = "$(TARGET_NAME)";
				USER_HEADER_SEARCH_PATHS = /usr/local/ssl/include;
			};
			name = Debug;
		};
		97B19F5C1DAA76A10021EE2A /* Release */ = {
			isa = XCBuildConfiguration;
			buildSettings = {
				ALWAYS_SEARCH_USER_PATHS = YES;
				DEVELOPMENT_TEAM = U8MSEX235L;
				LIBRARY_SEARCH_PATHS = (
					"$(inherited)",
					"$(PROJECT_DIR)",
				);
				PRODUCT_NAME = "$(TARGET_NAME)";
				USER_HEADER_SEARCH_PATHS = /usr/local/ssl/include;
			};
			name = Release;
		};
/* End XCBuildConfiguration section */

/* Begin XCConfigurationList section */
		97376A381E26368300928397 /* Build configuration list for PBXNativeTarget "macOSEcdhLib" */ = {
			isa = XCConfigurationList;
			buildConfigurations = (
				97376A361E26368300928397 /* Debug */,
				97376A371E26368300928397 /* Release */,
			);
			defaultConfigurationIsVisible = 0;
			defaultConfigurationName = Release;
		};
		975702E01E27A546007028BC /* Build configuration list for PBXNativeTarget "iOSEcdhLib" */ = {
			isa = XCConfigurationList;
			buildConfigurations = (
				975702E11E27A546007028BC /* Debug */,
				975702E21E27A546007028BC /* Release */,
			);
			defaultConfigurationIsVisible = 0;
		};
		97B19F4E1DAA76A10021EE2A /* Build configuration list for PBXProject "magicPointers" */ = {
			isa = XCConfigurationList;
			buildConfigurations = (
				97B19F581DAA76A10021EE2A /* Debug */,
				97B19F591DAA76A10021EE2A /* Release */,
			);
			defaultConfigurationIsVisible = 0;
			defaultConfigurationName = Release;
		};
		97B19F5A1DAA76A10021EE2A /* Build configuration list for PBXNativeTarget "magicPointers" */ = {
			isa = XCConfigurationList;
			buildConfigurations = (
				97B19F5B1DAA76A10021EE2A /* Debug */,
				97B19F5C1DAA76A10021EE2A /* Release */,
			);
			defaultConfigurationIsVisible = 0;
			defaultConfigurationName = Release;
		};
/* End XCConfigurationList section */
	};
	rootObject = 97B19F4B1DAA76A10021EE2A /* Project object */;
}
